
Microsoft Visual Studio Solution File, Format Version 12.00
# Visual Studio Version 17
VisualStudioVersion = 17.0.32112.339
MinimumVisualStudioVersion = 10.0.40219.1
Project("{FAE04EC0-301F-11D3-BF4B-00C04F79EFBC}") = "ConsoleMailKit", "ConsoleMailKit\ConsoleMailKit.csproj", "{EE6B84BB-EB7D-446E-A784-8FA00D246DFC}"
EndProject
Global
	GlobalSection(SolutionConfigurationPlatforms) = preSolution
		Debug|Any CPU = Debug|Any CPU
		Release|Any CPU = Release|Any CPU
	EndGlobalSection
	GlobalSection(ProjectConfigurationPlatforms) = postSolution
		{EE6B84BB-EB7D-446E-A784-8FA00D246DFC}.Debug|Any CPU.ActiveCfg = Debug|Any CPU
		{EE6B84BB-EB7D-446E-A784-8FA00D246DFC}.Debug|Any CPU.Build.0 = Debug|Any CPU
		{EE6B84BB-EB7D-446E-A784-8FA00D246DFC}.Release|Any CPU.ActiveCfg = Release|Any CPU
		{EE6B84BB-EB7D-446E-A784-8FA00D246DFC}.Release|Any CPU.Build.0 = Release|Any CPU
	EndGlobalSection
	GlobalSection(SolutionProperties) = preSolution
		HideSolutionNode = FALSE
	EndGlobalSection
	GlobalSection(ExtensibilityGlobals) = postSolution
		SolutionGuid = {7A620187-43A8-4BC6-8221-7FAE97C0475D}
	EndGlobalSection
EndGlobal
